github.com/Azure/azure-sdk-for-go/sdk/azcore v0.19.0/go.mod h1:h6H6c8enJmmocHUbLiiGY6sx7f9i+X3m1CHdd5c6Rdw=
github.com/Azure/azure-sdk-for-go/sdk/azidentity v0.11.0/go.mod h1:HcM1YX14R7CJcghJGOYCgdezslRSVzqwLf/q+4Y2r/0=
github.com/Azure/azure-sdk-for-go/sdk/internal v0.7.0/go.mod h1:yqy467j36fJxcRV2TzfVZ1pCb5vxm4BtZPUdYWe/Xo8=
github.com/davecgh/go-spew v1.1.0/go.mod h1:J7Y8YcW2NihsgmVo/mv3lAwl/skON4iLHjSsI+c5H38=
github.com/davecgh/go-spew v1.1.1 h1:vj9j/u1bqnvCEfJOwUhtlOARqs3+rkHYY13jYWTU97c=
github.com/davecgh/go-spew v1.1.1/go.mod h1:J7Y8YcW2NihsgmVo/mv3lAwl/skON4iLHjSsI+c5H38=
github.com/denisenkom/go-mssqldb v0.12.0 h1:VtrkII767ttSPNRfFekePK3sctr+joXgO58stqQbtUA=
github.com/denisenkom/go-mssqldb v0.12.0/go.mod h1:iiK0YP1ZeepvmBQk/QpLEhhTNJgfzrpArPY/aFvc9yU=
github.com/dnaeon/go-vcr v1.2.0/go.mod h1:R4UdLID7HZT3taECzJs4YgbbH6PIGXB6W/sc5OLb6RQ=
github.com/dustin/go-humanize v1.0.0 h1:VSnTsYCnlFHaM2/igO1h6X3HA71jcobQuxemgkq4zYo=
github.com/dustin/go-humanize v1.0.0/go.mod h1:HtrtbFcZ19U5GC7JDqmcUSB87Iq5E25KnS6fMYU6eOk=
github.com/fatih/color v1.13.0 h1:8LOYc1KYPPmyKMuN8QV2DNRWNbLo6LZ0iLs8+mlH53w=
github.com/fatih/color v1.13.0/go.mod h1:kLAiJbzzSOZDVNGyDpeOxJ47H46qBXwg5ILebYFFOfk=
github.com/go-sql-driver/mysql v1.6.0 h1:BCTh4TKNUYmOmMUcQ3IipzF5prigylS7XXjEkfCHuOE=
github.com/go-sql-driver/mysql v1.6.0/go.mod h1:DCzpHaOWr8IXmIStZouvnhqoel9Qv2LBy8hT2VhHyBg=
github.com/golang-sql/civil v0.0.0-20190719163853-cb61b32ac6fe h1:lXe2qZdvpiX5WZkZR4hgp4KJVfY3nMkvmwbVkpv1rVY=
github.com/golang-sql/civil v0.0.0-20190719163853-cb61b32ac6fe/go.mod h1:8vg3r2VgvsThLBIFL93Qb5yWzgyZWhEmBwUJWevAkK0=
github.com/golang-sql/sqlexp v0.0.0-20170517235910-f1bb20e5a188 h1:+eHOFJl1BaXrQxKX+T06f78590z4qA2ZzBTqahsKSE4=
github.com/golang-sql/sqlexp v0.0.0-20170517235910-f1bb20e5a188/go.mod h1:vXjM/+wXQnTPR4KqTKDgJukSZ6amVRtWMPEjE6sQoK8=
github.com/google/go-cmp v0.5.3 h1:x95R7cp+rSeeqAMI2knLtQ0DKlaBhv2NrtrOvafPHRo=
github.com/google/go-cmp v0.5.3/go.mod h1:v8dTdLbMG2kIc/vJvl+f65V22dbkXbowE6jgT/gNBxE=
github.com/google/uuid v1.3.0 h1:t6JiXgmwXMjEs8VusXIJk2BXHsn+wx8BZdTaoZ5fu7I=
github.com/google/uuid v1.3.0/go.mod h1:TIyPZe4MgqvfeYDBFedMoGGpEw/LqOeaOT+nhxU+yHo=
github.com/jinzhu/inflection v1.0.0 h1:K317FqzuhWc8YvSVlFMCCUb36O/S9MCKRDI7QkRKD/E=
github.com/jinzhu/inflection v1.0.0/go.mod h1:h+uFLlag+Qp1Va5pdKtLDYj+kHp5pxUVkryuEj+Srlc=
github.com/kballard/go-shellquote v0.0.0-20180428030007-95032a82bc51 h1:Z9n2FFNUXsshfwJMBgNA0RU6/i7WVaAegv3PtuIHPMs=
github.com/kballard/go-shellquote v0.0.0-20180428030007-95032a82bc51/go.mod h1:CzGEWj7cYgsdH8dAjBGEr58BoE7ScuLd+fwFZ44+/x8=
github.com/mattn/go-colorable v0.1.9/go.mod h1:u6P/XSegPjTcexA+o6vUJrdnUu04hMope9wVRipJSqc=
github.com/mattn/go-colorable v0.1.12 h1:jF+Du6AlPIjs2BiUiQlKOX0rt3SujHxPnksPKZbaA40=
github.com/mattn/go-colorable v0.1.12/go.mod h1:u5H1YNBxpqRaxsYJYSkiCWKzEfiAb1Gb520KVy5xxl4=
github.com/mattn/go-isatty v0.0.12/go.mod h1:cbi8OIDigv2wuxKPP5vlRcQ1OAZbq2CE4Kysco4FUpU=
github.com/mattn/go-isatty v0.0.14 h1:yVuAays6BHfxijgZPzw+3Zlu5yQgKGP2/hcQbHb7S9Y=
github.com/mattn/go-isatty v0.0.14/go.mod h1:7GGIvUiUoEMVVmxf/4nioHXj79iQHKdU27kJ6hsGG94=
github.com/mattn/go-sqlite3 v1.14.10/go.mod h1:NyWgC/yNuGj7Q9rpYnZvas74GogHl5/Z4A/KQRfk6bU=
github.com/mattn/go-sqlite3 v1.14.12 h1:TJ1bhYJPV44phC+IMu1u2K/i5RriLTPe+yc68XDJ1Z0=
github.com/mattn/go-sqlite3 v1.14.12/go.mod h1:NyWgC/yNuGj7Q9rpYnZvas74GogHl5/Z4A/KQRfk6bU=
github.com/modocache/gover v0.0.0-20171022184752-b58185e213c5/go.mod h1:caMODM3PzxT8aQXRPkAt8xlV/e7d7w8GM5g0fa5F0D8=
github.com/pkg/browser v0.0.0-20180916011732-0a3d74bf9ce4/go.mod h1:4OwLy04Bl9Ef3GJJCoec+30X3LQs/0/m4HFRt/2LUSA=
github.com/pmezard/go-difflib v1.0.0 h1:4DBwDE0NGyQoBHbLQYPwSUPoCMWR5BEzIk/f1lZbAQM=
github.com/pmezard/go-difflib v1.0.0/go.mod h1:iKH77koFhYxTK1pcRnkKkqfTogsbg7gZNVY4sRDYZ/4=
github.com/remyoudompheng/bigfft v0.0.0-20200410134404-eec4a21b6bb0 h1:OdAsTTz6OkFY5QxjkYwrChwuRruF69c169dPK26NUlk=
github.com/remyoudompheng/bigfft v0.0.0-20200410134404-eec4a21b6bb0/go.mod h1:qqbHyh8v60DhA7CoWK5oRCqLrMHRGoxYCSS9EjAz6Eo=
github.com/stretchr/objx v0.1.0/go.mod h1:HFkY916IF+rwdDfMAkV7OtwuqBVzrE8GR6GFx+wExME=
github.com/stretchr/testify v1.6.1/go.mod h1:6Fq8oRcR53rry900zMqJjRRixrwX3KX962/h/Wwjteg=
github.com/stretchr/testify v1.7.0 h1:nwc3DEeHmmLAfoZucVR881uASk0Mfjw8xYJ99tb5CcY=
github.com/stretchr/testify v1.7.0/go.mod h1:6Fq8oRcR53rry900zMqJjRRixrwX3KX962/h/Wwjteg=
github.com/tmthrgd/go-hex v0.0.0-20190904060850-447a3041c3bc h1:9lRDQMhESg+zvGYmW5DyG0UqvY96Bu5QYsTLvCHdrgo=
github.com/tmthrgd/go-hex v0.0.0-20190904060850-447a3041c3bc/go.mod h1:bciPuU6GHm1iF1pBvUfxfsH0Wmnc2VbpgvbI9ZWuIRs=
github.com/vmihailenco/msgpack/v5 v5.3.5 h1:5gO0H1iULLWGhs2H5tbAHIZTV8/cYafcFOr9znI5mJU=
github.com/vmihailenco/msgpack/v5 v5.3.5/go.mod h1:7xyJ9e+0+9SaZT0Wt1RGleJXzli6Q/V5KbhBonMG9jc=
github.com/vmihailenco/tagparser/v2 v2.0.0 h1:y09buUbR+b5aycVFQs/g70pqKVZNBmxwAhO7/IwNM9g=
github.com/vmihailenco/tagparser/v2 v2.0.0/go.mod h1:Wri+At7QHww0WTrCBeu4J6bNtoV6mEfg5OIWRZA9qds=
github.com/yuin/goldmark v1.2.1/go.mod h1:3hX8gzYuyVAZsxl0MRgGTJEmQBFcNTphYh9decYSb74=
github.com/yuin/goldmark v1.4.1/go.mod h1:mwnBkeHKe2W/ZEtQ+71ViKU8L12m81fl3OWwC1Zlc8k=
golang.org/x/crypto v0.0.0-20180910181607-0e37d006457b/go.mod h1:6SG95UA2DQfeDnfUPMdvaQW0Q7yPrPDi9nlGo2tz2b4=
golang.org/x/crypto v0.0.0-20190308221718-c2843e01d9a2/go.mod h1:djNgcEr1/C05ACkg1iLfiJU5Ep61QUkGW8qpdssI0+w=
golang.org/x/crypto v0.0.0-20191011191535-87dc89f01550/go.mod h1:yigFU9vqHzYiE8UmvKecakEJjdnWj3jj499lnFckfCI=
golang.org/x/crypto v0.0.0-20200622213623-75b288015ac9/go.mod h1:LzIPMQfyMNhhGPhUkYOs5KpL4U8rLKemX1yGLhDgUto=
golang.org/x/crypto v0.0.0-20201016220609-9e8e0b390897/go.mod h1:LzIPMQfyMNhhGPhUkYOs5KpL4U8rLKemX1yGLhDgUto=
golang.org/x/crypto v0.0.0-20220214200702-86341886e292 h1:f+lwQ+GtmgoY+A2YaQxlSOnDjXcQ7ZRLWOHbC6HtRqE=
golang.org/x/crypto v0.0.0-20220214200702-86341886e292/go.mod h1:IxCIyHEi3zRg3s0A5j5BB6A9Jmi73HwBIUl50j+osU4=
golang.org/x/mod v0.3.0/go.mod h1:s0Qsj1ACt9ePp/hMypM3fl4fZqREWJwdYDEqhRiZZUA=
golang.org/x/mod v0.5.1 h1:OJxoQ/rynoF0dcCdI7cLPktw/hR2cueqYfjm43oqK38=
golang.org/x/mod v0.5.1/go.mod h1:5OXOZSfqPIIbmVBIIKWRFfZjPR0E5r58TLhUjH0a2Ro=
golang.org/x/net v0.0.0-20190404232315-eb5bcb51f2a3/go.mod h1:t9HGtf8HONx5eT2rtn7q6eTqICYqUVnKs3thJo3Qplg=
golang.org/x/net v0.0.0-20190620200207-3b0461eec859/go.mod h1:z5CRVTTTmAJ677TzLLGU+0bjPO0LkuOLi4/5GtJWs/s=
golang.org/x/net v0.0.0-20201021035429-f5854403a974/go.mod h1:sp8m0HH+o8qH0wwXwYZr8TS3Oi6o0r6Gce1SSxlDquU=
golang.org/x/net v0.0.0-20210610132358-84b48f89b13b/go.mod h1:9nx3DQGgdP8bBQD5qxJ1jj9UTztislL4KSBs9R2vV5Y=
golang.org/x/net v0.0.0-20211015210444-4f30a5c0130f/go.mod h1:9nx3DQGgdP8bBQD5qxJ1jj9UTztislL4KSBs9R2vV5Y=
golang.org/x/net v0.0.0-20211112202133-69e39bad7dc2/go.mod h1:9nx3DQGgdP8bBQD5qxJ1jj9UTztislL4KSBs9R2vV5Y=
golang.org/x/sync v0.0.0-20190423024810-112230192c58/go.mod h1:RxMgew5VJxzue5/jJTE5uejpjVlOe/izrB70Jof72aM=
golang.org/x/sync v0.0.0-20201020160332-67f06af15bc9/go.mod h1:RxMgew5VJxzue5/jJTE5uejpjVlOe/izrB70Jof72aM=
golang.org/x/sync v0.0.0-20210220032951-036812b2e83c/go.mod h1:RxMgew5VJxzue5/jJTE5uejpjVlOe/izrB70Jof72aM=
golang.org/x/sys v0.0.0-20190215142949-d0b11bdaac8a/go.mod h1:STP8DvDyc/dI5b8T5hshtkjS+E42TnysNCUPdjciGhY=
golang.org/x/sys v0.0.0-20190412213103-97732733099d/go.mod h1:h1NjWce9XRLGQEsW7wpKNCjG9DtNlClVuFLEZdDNbEs=
golang.org/x/sys v0.0.0-20200116001909-b77594299b42/go.mod h1:h1NjWce9XRLGQEsW7wpKNCjG9DtNlClVuFLEZdDNbEs=
golang.org/x/sys v0.0.0-20200223170610-d5e6a3e2c0ae/go.mod h1:h1NjWce9XRLGQEsW7wpKNCjG9DtNlClVuFLEZdDNbEs=
golang.org/x/sys v0.0.0-20200930185726-fdedc70b468f/go.mod h1:h1NjWce9XRLGQEsW7wpKNCjG9DtNlClVuFLEZdDNbEs=
golang.org/x/sys v0.0.0-20201119102817-f84b799fce68/go.mod h1:h1NjWce9XRLGQEsW7wpKNCjG9DtNlClVuFLEZdDNbEs=
golang.org/x/sys v0.0.0-20201126233918-771906719818/go.mod h1:h1NjWce9XRLGQEsW7wpKNCjG9DtNlClVuFLEZdDNbEs=
golang.org/x/sys v0.0.0-20210423082822-04245dca01da/go.mod h1:h1NjWce9XRLGQEsW7wpKNCjG9DtNlClVuFLEZdDNbEs=
golang.org/x/sys v0.0.0-20210615035016-665e8c7367d1/go.mod h1:oPkhp1MJrh7nUepCBck5+mAzfO9JrbApNNgaTdGDITg=
golang.org/x/sys v0.0.0-20210630005230-0f9fa26af87c/go.mod h1:oPkhp1MJrh7nUepCBck5+mAzfO9JrbApNNgaTdGDITg=
golang.org/x/sys v0.0.0-20210902050250-f475640dd07b/go.mod h1:oPkhp1MJrh7nUepCBck5+mAzfO9JrbApNNgaTdGDITg=
golang.org/x/sys v0.0.0-20210927094055-39ccf1dd6fa6/go.mod h1:oPkhp1MJrh7nUepCBck5+mAzfO9JrbApNNgaTdGDITg=
golang.org/x/sys v0.0.0-20211007075335-d3039528d8ac/go.mod h1:oPkhp1MJrh7nUepCBck5+mAzfO9JrbApNNgaTdGDITg=
golang.org/x/sys v0.0.0-20211019181941-9d821ace8654/go.mod h1:oPkhp1MJrh7nUepCBck5+mAzfO9JrbApNNgaTdGDITg=
golang.org/x/sys v0.0.0-20220114195835-da31bd327af9/go.mod h1:oPkhp1MJrh7nUepCBck5+mAzfO9JrbApNNgaTdGDITg=
golang.org/x/sys v0.0.0-20220227234510-4e6760a101f9 h1:nhht2DYV/Sn3qOayu8lM+cU1ii9sTLUeBQwQQfUHtrs=
golang.org/x/sys v0.0.0-20220227234510-4e6760a101f9/go.mod h1:oPkhp1MJrh7nUepCBck5+mAzfO9JrbApNNgaTdGDITg=
golang.org/x/term v0.0.0-20201126162022-7de9c90e9dd1/go.mod h1:bj7SfCRtBDWHUb9snDiAeCFNEtKQo2Wmx5Cou7ajbmo=
golang.org/x/text v0.3.0/go.mod h1:NqM8EUOU14njkJ3fqMW+pc6Ldnwhi/IjpwHt7yyuwOQ=
golang.org/x/text v0.3.3/go.mod h1:5Zoc/QRtKVWzQhOtBMvqHzDpF6irO9z98xDceosuGiQ=
golang.org/x/text v0.3.6/go.mod h1:5Zoc/QRtKVWzQhOtBMvqHzDpF6irO9z98xDceosuGiQ=
golang.org/x/text v0.3.7/go.mod h1:u+2+/6zg+i71rQMx5EYifcz6MCKuco9NR6JIITiCfzQ=
golang.org/x/tools v0.0.0-20180917221912-90fa682c2a6e/go.mod h1:n7NCudcB/nEzxVGmLbDWY5pfWTLqBcC2KZ6jyYvM4mQ=
golang.org/x/tools v0.0.0-20191119224855-298f0cb1881e/go.mod h1:b+2E5dAYhXwXZwtnZ6UAqBI28+e2cm9otk0dWdXHAEo=
golang.org/x/tools v0.0.0-20201124115921-2c860bdd6e78/go.mod h1:emZCQorbCU4vsT4fOWvOPXz4eW1wZW4PmDk9uLelYpA=
golang.org/x/tools v0.1.9 h1:j9KsMiaP1c3B0OTQGth0/k+miLGTgLsAFUCrF2vLcF8=
golang.org/x/tools v0.1.9/go.mod h1:nABZi5QlRsZVlzPpHl034qft6wpY4eDcsTt5AaioBiU=
golang.org/x/xerrors v0.0.0-20190717185122-a985d3407aa7/go.mod h1:I/5z698sn9Ka8TeJc9MKroUUfqBBauWjQqLJ2OPfmY0=
golang.org/x/xerrors v0.0.0-20191011141410-1b5146add898/go.mod h1:I/5z698sn9Ka8TeJc9MKroUUfqBBauWjQqLJ2OPfmY0=
golang.org/x/xerrors v0.0.0-20191204190536-9bdfabe68543/go.mod h1:I/5z698sn9Ka8TeJc9MKroUUfqBBauWjQqLJ2OPfmY0=
golang.org/x/xerrors v0.0.0-20200804184101-5ec99f83aff1 h1:go1bK/D/BFZV2I8cIQd1NKEZ+0owSTG1fDTci4IqFcE=
golang.org/x/xerrors v0.0.0-20200804184101-5ec99f83aff1/go.mod h1:I/5z698sn9Ka8TeJc9MKroUUfqBBauWjQqLJ2OPfmY0=
gopkg.in/check.v1 v0.0.0-20161208181325-20d25e280405/go.mod h1:Co6ibVJAznAaIkqp8huTwlJQCZ016jof/cbN4VW5Yz0=
gopkg.in/yaml.v2 v2.2.8/go.mod h1:hI93XBmqTisBFMUTm0b8Fm+jr3Dg1NNxqwp+5A1VGuI=
gopkg.in/yaml.v2 v2.4.0/go.mod h1:RDklbk79AGWmwhnvt/jBztapEOGDOx6ZbXqjP6csGnQ=
gopkg.in/yaml.v3 v3.0.0-20200313102051-9f266ea9e77c/go.mod h1:K4uyk7z7BCEPqu6E+C64Yfv1cQ7kz7rIZviUmN+EgEM=
gopkg.in/yaml.v3 v3.0.0-20210107192922-496545a6307b h1:h8qDotaEPuJATrMmW04NCwg7v22aHH28wwpauUhK9Oo=
gopkg.in/yaml.v3 v3.0.0-20210107192922-496545a6307b/go.mod h1:K4uyk7z7BCEPqu6E+C64Yfv1cQ7kz7rIZviUmN+EgEM=
lukechampine.com/uint128 v1.1.1/go.mod h1:c4eWIwlEGaxC/+H1VguhU4PHXNWDCDMUlWdIWl2j1gk=
lukechampine.com/uint128 v1.2.0 h1:mBi/5l91vocEN8otkC5bDLhi2KdCticRiwbdB0O+rjI=
lukechampine.com/uint128 v1.2.0/go.mod h1:c4eWIwlEGaxC/+H1VguhU4PHXNWDCDMUlWdIWl2j1gk=
mellium.im/sasl v0.2.1 h1:nspKSRg7/SyO0cRGY71OkfHab8tf9kCts6a6oTDut0w=
mellium.im/sasl v0.2.1/go.mod h1:ROaEDLQNuf9vjKqE1SrAfnsobm2YKXT1gnN1uDp1PjQ=
modernc.org/cc/v3 v3.33.6/go.mod h1:iPJg1pkwXqAV16SNgFBVYmggfMg6xhs+2oiO0vclK3g=
modernc.org/cc/v3 v3.33.9/go.mod h1:iPJg1pkwXqAV16SNgFBVYmggfMg6xhs+2oiO0vclK3g=
modernc.org/cc/v3 v3.33.11/go.mod h1:iPJg1pkwXqAV16SNgFBVYmggfMg6xhs+2oiO0vclK3g=
modernc.org/cc/v3 v3.34.0/go.mod h1:iPJg1pkwXqAV16SNgFBVYmggfMg6xhs+2oiO0vclK3g=
modernc.org/cc/v3 v3.35.0/go.mod h1:iPJg1pkwXqAV16SNgFBVYmggfMg6xhs+2oiO0vclK3g=
modernc.org/cc/v3 v3.35.4/go.mod h1:iPJg1pkwXqAV16SNgFBVYmggfMg6xhs+2oiO0vclK3g=
modernc.org/cc/v3 v3.35.5/go.mod h1:iPJg1pkwXqAV16SNgFBVYmggfMg6xhs+2oiO0vclK3g=
modernc.org/cc/v3 v3.35.7/go.mod h1:iPJg1pkwXqAV16SNgFBVYmggfMg6xhs+2oiO0vclK3g=
modernc.org/cc/v3 v3.35.8/go.mod h1:iPJg1pkwXqAV16SNgFBVYmggfMg6xhs+2oiO0vclK3g=
modernc.org/cc/v3 v3.35.10/go.mod h1:iPJg1pkwXqAV16SNgFBVYmggfMg6xhs+2oiO0vclK3g=
modernc.org/cc/v3 v3.35.15/go.mod h1:iPJg1pkwXqAV16SNgFBVYmggfMg6xhs+2oiO0vclK3g=
modernc.org/cc/v3 v3.35.16/go.mod h1:iPJg1pkwXqAV16SNgFBVYmggfMg6xhs+2oiO0vclK3g=
modernc.org/cc/v3 v3.35.17/go.mod h1:iPJg1pkwXqAV16SNgFBVYmggfMg6xhs+2oiO0vclK3g=
modernc.org/cc/v3 v3.35.18/go.mod h1:iPJg1pkwXqAV16SNgFBVYmggfMg6xhs+2oiO0vclK3g=
modernc.org/cc/v3 v3.35.20/go.mod h1:iPJg1pkwXqAV16SNgFBVYmggfMg6xhs+2oiO0vclK3g=
modernc.org/cc/v3 v3.35.22 h1:BzShpwCAP7TWzFppM4k2t03RhXhgYqaibROWkrWq7lE=
modernc.org/cc/v3 v3.35.22/go.mod h1:iPJg1pkwXqAV16SNgFBVYmggfMg6xhs+2oiO0vclK3g=
modernc.org/ccgo/v3 v3.9.5/go.mod h1:umuo2EP2oDSBnD3ckjaVUXMrmeAw8C8OSICVa0iFf60=
modernc.org/ccgo/v3 v3.10.0/go.mod h1:c0yBmkRFi7uW4J7fwx/JiijwOjeAeR2NoSaRVFPmjMw=
modernc.org/ccgo/v3 v3.11.0/go.mod h1:dGNposbDp9TOZ/1KBxghxtUp/bzErD0/0QW4hhSaBMI=
modernc.org/ccgo/v3 v3.11.1/go.mod h1:lWHxfsn13L3f7hgGsGlU28D9eUOf6y3ZYHKoPaKU0ag=
modernc.org/ccgo/v3 v3.11.3/go.mod h1:0oHunRBMBiXOKdaglfMlRPBALQqsfrCKXgw9okQ3GEw=
modernc.org/ccgo/v3 v3.12.4/go.mod h1:Bk+m6m2tsooJchP/Yk5ji56cClmN6R1cqc9o/YtbgBQ=
modernc.org/ccgo/v3 v3.12.6/go.mod h1:0Ji3ruvpFPpz+yu+1m0wk68pdr/LENABhTrDkMDWH6c=
modernc.org/ccgo/v3 v3.12.8/go.mod h1:Hq9keM4ZfjCDuDXxaHptpv9N24JhgBZmUG5q60iLgUo=
modernc.org/ccgo/v3 v3.12.11/go.mod h1:0jVcmyDwDKDGWbcrzQ+xwJjbhZruHtouiBEvDfoIsdg=
modernc.org/ccgo/v3 v3.12.14/go.mod h1:GhTu1k0YCpJSuWwtRAEHAol5W7g1/RRfS4/9hc9vF5I=
modernc.org/ccgo/v3 v3.12.18/go.mod h1:jvg/xVdWWmZACSgOiAhpWpwHWylbJaSzayCqNOJKIhs=
modernc.org/ccgo/v3 v3.12.20/go.mod h1:aKEdssiu7gVgSy/jjMastnv/q6wWGRbszbheXgWRHc8=
modernc.org/ccgo/v3 v3.12.21/go.mod h1:ydgg2tEprnyMn159ZO/N4pLBqpL7NOkJ88GT5zNU2dE=
modernc.org/ccgo/v3 v3.12.22/go.mod h1:nyDVFMmMWhMsgQw+5JH6B6o4MnZ+UQNw1pp52XYFPRk=
modernc.org/ccgo/v3 v3.12.25/go.mod h1:UaLyWI26TwyIT4+ZFNjkyTbsPsY3plAEB6E7L/vZV3w=
modernc.org/ccgo/v3 v3.12.29/go.mod h1:FXVjG7YLf9FetsS2OOYcwNhcdOLGt8S9bQ48+OP75cE=
modernc.org/ccgo/v3 v3.12.36/go.mod h1:uP3/Fiezp/Ga8onfvMLpREq+KUjUmYMxXPO8tETHtA8=
modernc.org/ccgo/v3 v3.12.38/go.mod h1:93O0G7baRST1vNj4wnZ49b1kLxt0xCW5Hsa2qRaZPqc=
modernc.org/ccgo/v3 v3.12.43/go.mod h1:k+DqGXd3o7W+inNujK15S5ZYuPoWYLpF5PYougCmthU=
modernc.org/ccgo/v3 v3.12.46/go.mod h1:UZe6EvMSqOxaJ4sznY7b23/k13R8XNlyWsO5bAmSgOE=
modernc.org/ccgo/v3 v3.12.47/go.mod h1:m8d6p0zNps187fhBwzY/ii6gxfjob1VxWb919Nk1HUk=
modernc.org/ccgo/v3 v3.12.50/go.mod h1:bu9YIwtg+HXQxBhsRDE+cJjQRuINuT9PUK4orOco/JI=
modernc.org/ccgo/v3 v3.12.51/go.mod h1:gaIIlx4YpmGO2bLye04/yeblmvWEmE4BBBls4aJXFiE=
modernc.org/ccgo/v3 v3.12.53/go.mod h1:8xWGGTFkdFEWBEsUmi+DBjwu/WLy3SSOrqEmKUjMeEg=
modernc.org/ccgo/v3 v3.12.54/go.mod h1:yANKFTm9llTFVX1FqNKHE0aMcQb1fuPJx6p8AcUx+74=
modernc.org/ccgo/v3 v3.12.55/go.mod h1:rsXiIyJi9psOwiBkplOaHye5L4MOOaCjHg1Fxkj7IeU=
modernc.org/ccgo/v3 v3.12.56/go.mod h1:ljeFks3faDseCkr60JMpeDb2GSO3TKAmrzm7q9YOcMU=
modernc.org/ccgo/v3 v3.12.57/go.mod h1:hNSF4DNVgBl8wYHpMvPqQWDQx8luqxDnNGCMM4NFNMc=
modernc.org/ccgo/v3 v3.12.60/go.mod h1:k/Nn0zdO1xHVWjPYVshDeWKqbRWIfif5dtsIOCUVMqM=
modernc.org/ccgo/v3 v3.12.66/go.mod h1:jUuxlCFZTUZLMV08s7B1ekHX5+LIAurKTTaugUr/EhQ=
modernc.org/ccgo/v3 v3.12.67/go.mod h1:Bll3KwKvGROizP2Xj17GEGOTrlvB1XcVaBrC90ORO84=
modernc.org/ccgo/v3 v3.12.73/go.mod h1:hngkB+nUUqzOf3iqsM48Gf1FZhY599qzVg1iX+BT3cQ=
modernc.org/ccgo/v3 v3.12.81/go.mod h1:p2A1duHoBBg1mFtYvnhAnQyI6vL0uw5PGYLSIgF6rYY=
modernc.org/ccgo/v3 v3.12.84/go.mod h1:ApbflUfa5BKadjHynCficldU1ghjen84tuM5jRynB7w=
modernc.org/ccgo/v3 v3.12.86/go.mod h1:dN7S26DLTgVSni1PVA3KxxHTcykyDurf3OgUzNqTSrU=
modernc.org/ccgo/v3 v3.12.90/go.mod h1:obhSc3CdivCRpYZmrvO88TXlW0NvoSVvdh/ccRjJYko=
modernc.org/ccgo/v3 v3.12.92/go.mod h1:5yDdN7ti9KWPi5bRVWPl8UNhpEAtCjuEE7ayQnzzqHA=
modernc.org/ccgo/v3 v3.13.1/go.mod h1:aBYVOUfIlcSnrsRVU8VRS35y2DIfpgkmVkYZ0tpIXi4=
modernc.org/ccgo/v3 v3.15.1/go.mod h1:md59wBwDT2LznX/OTCPoVS6KIsdRgY8xqQwBV+hkTH0=
modernc.org/ccgo/v3 v3.15.9/go.mod h1:md59wBwDT2LznX/OTCPoVS6KIsdRgY8xqQwBV+hkTH0=
modernc.org/ccgo/v3 v3.15.10/go.mod h1:wQKxoFn0ynxMuCLfFD09c8XPUCc8obfchoVR9Cn0fI8=
modernc.org/ccgo/v3 v3.15.12/go.mod h1:VFePOWoCd8uDGRJpq/zfJ29D0EVzMSyID8LCMWYbX6I=
modernc.org/ccgo/v3 v3.15.13 h1:hqlCzNJTXLrhS70y1PqWckrF9x1btSQRC7JFuQcBg5c=
modernc.org/ccgo/v3 v3.15.13/go.mod h1:QHtvdpeODlXjdK3tsbpyK+7U9JV4PQsrPGIbtmc0KfY=
modernc.org/ccorpus v1.11.1/go.mod h1:2gEUTrWqdpH2pXsmTM1ZkjeSrUWDpjMu2T6m29L/ErQ=
modernc.org/ccorpus v1.11.4 h1:YOmQBBzE8GC/puUx76D5j/gJYIZQsydrh6VMJVfXF0M=
modernc.org/ccorpus v1.11.4/go.mod h1:2gEUTrWqdpH2pXsmTM1ZkjeSrUWDpjMu2T6m29L/ErQ=
modernc.org/httpfs v1.0.6 h1:AAgIpFZRXuYnkjftxTAZwMIiwEqAfk8aVB2/oA6nAeM=
modernc.org/httpfs v1.0.6/go.mod h1:7dosgurJGp0sPaRanU53W4xZYKh14wfzX420oZADeHM=
modernc.org/libc v1.9.8/go.mod h1:U1eq8YWr/Kc1RWCMFUWEdkTg8OTcfLw2kY8EDwl039w=
modernc.org/libc v1.9.11/go.mod h1:NyF3tsA5ArIjJ83XB0JlqhjTabTCHm9aX4XMPHyQn0Q=
modernc.org/libc v1.11.0/go.mod h1:2lOfPmj7cz+g1MrPNmX65QCzVxgNq2C5o0jdLY2gAYg=
modernc.org/libc v1.11.2/go.mod h1:ioIyrl3ETkugDO3SGZ+6EOKvlP3zSOycUETe4XM4n8M=
modernc.org/libc v1.11.5/go.mod h1:k3HDCP95A6U111Q5TmG3nAyUcp3kR5YFZTeDS9v8vSU=
modernc.org/libc v1.11.6/go.mod h1:ddqmzR6p5i4jIGK1d/EiSw97LBcE3dK24QEwCFvgNgE=
modernc.org/libc v1.11.11/go.mod h1:lXEp9QOOk4qAYOtL3BmMve99S5Owz7Qyowzvg6LiZso=
modernc.org/libc v1.11.13/go.mod h1:ZYawJWlXIzXy2Pzghaf7YfM8OKacP3eZQI81PDLFdY8=
modernc.org/libc v1.11.16/go.mod h1:+DJquzYi+DMRUtWI1YNxrlQO6TcA5+dRRiq8HWBWRC8=
modernc.org/libc v1.11.19/go.mod h1:e0dgEame6mkydy19KKaVPBeEnyJB4LGNb0bBH1EtQ3I=
modernc.org/libc v1.11.24/go.mod h1:FOSzE0UwookyT1TtCJrRkvsOrX2k38HoInhw+cSCUGk=
modernc.org/libc v1.11.26/go.mod h1:SFjnYi9OSd2W7f4ct622o/PAYqk7KHv6GS8NZULIjKY=
modernc.org/libc v1.11.27/go.mod h1:zmWm6kcFXt/jpzeCgfvUNswM0qke8qVwxqZrnddlDiE=
modernc.org/libc v1.11.28/go.mod h1:Ii4V0fTFcbq3qrv3CNn+OGHAvzqMBvC7dBNyC4vHZlg=
modernc.org/libc v1.11.31/go.mod h1:FpBncUkEAtopRNJj8aRo29qUiyx5AvAlAxzlx9GNaVM=
modernc.org/libc v1.11.34/go.mod h1:+Tzc4hnb1iaX/SKAutJmfzES6awxfU1BPvrrJO0pYLg=
modernc.org/libc v1.11.37/go.mod h1:dCQebOwoO1046yTrfUE5nX1f3YpGZQKNcITUYWlrAWo=
modernc.org/libc v1.11.39/go.mod h1:mV8lJMo2S5A31uD0k1cMu7vrJbSA3J3waQJxpV4iqx8=
modernc.org/libc v1.11.42/go.mod h1:yzrLDU+sSjLE+D4bIhS7q1L5UwXDOw99PLSX0BlZvSQ=
modernc.org/libc v1.11.44/go.mod h1:KFq33jsma7F5WXiYelU8quMJasCCTnHK0mkri4yPHgA=
modernc.org/libc v1.11.45/go.mod h1:Y192orvfVQQYFzCNsn+Xt0Hxt4DiO4USpLNXBlXg/tM=
modernc.org/libc v1.11.47/go.mod h1:tPkE4PzCTW27E6AIKIR5IwHAQKCAtudEIeAV1/SiyBg=
modernc.org/libc v1.11.49/go.mod h1:9JrJuK5WTtoTWIFQ7QjX2Mb/bagYdZdscI3xrvHbXjE=
modernc.org/libc v1.11.51/go.mod h1:R9I8u9TS+meaWLdbfQhq2kFknTW0O3aw3kEMqDDxMaM=
modernc.org/libc v1.11.53/go.mod h1:5ip5vWYPAoMulkQ5XlSJTy12Sz5U6blOQiYasilVPsU=
modernc.org/libc v1.11.54/go.mod h1:S/FVnskbzVUrjfBqlGFIPA5m7UwB3n9fojHhCNfSsnw=
modernc.org/libc v1.11.55/go.mod h1:j2A5YBRm6HjNkoSs/fzZrSxCuwWqcMYTDPLNx0URn3M=
modernc.org/libc v1.11.56/go.mod h1:pakHkg5JdMLt2OgRadpPOTnyRXm/uzu+Yyg/LSLdi18=
modernc.org/libc v1.11.58/go.mod h1:ns94Rxv0OWyoQrDqMFfWwka2BcaF6/61CqJRK9LP7S8=
modernc.org/libc v1.11.71/go.mod h1:DUOmMYe+IvKi9n6Mycyx3DbjfzSKrdr/0Vgt3j7P5gw=
modernc.org/libc v1.11.75/go.mod h1:dGRVugT6edz361wmD9gk6ax1AbDSe0x5vji0dGJiPT0=
modernc.org/libc v1.11.82/go.mod h1:NF+Ek1BOl2jeC7lw3a7Jj5PWyHPwWD4aq3wVKxqV1fI=
modernc.org/libc v1.11.86/go.mod h1:ePuYgoQLmvxdNT06RpGnaDKJmDNEkV7ZPKI2jnsvZoE=
modernc.org/libc v1.11.87/go.mod h1:Qvd5iXTeLhI5PS0XSyqMY99282y+3euapQFxM7jYnpY=
modernc.org/libc v1.11.88/go.mod h1:h3oIVe8dxmTcchcFuCcJ4nAWaoiwzKCdv82MM0oiIdQ=
modernc.org/libc v1.11.98/go.mod h1:ynK5sbjsU77AP+nn61+k+wxUGRx9rOFcIqWYYMaDZ4c=
modernc.org/libc v1.11.101/go.mod h1:wLLYgEiY2D17NbBOEp+mIJJJBGSiy7fLL4ZrGGZ+8jI=
modernc.org/libc v1.12.0/go.mod h1:2MH3DaF/gCU8i/UBiVE1VFRos4o523M7zipmwH8SIgQ=
modernc.org/libc v1.14.1/go.mod h1:npFeGWjmZTjFeWALQLrvklVmAxv4m80jnG3+xI8FdJk=
modernc.org/libc v1.14.2/go.mod h1:MX1GBLnRLNdvmK9azU9LCxZ5lMyhrbEMK8rG3X/Fe34=
modernc.org/libc v1.14.3/go.mod h1:GPIvQVOVPizzlqyRX3l756/3ppsAgg1QgPxjr5Q4agQ=
modernc.org/libc v1.14.5 h1:DAHvwGoVRDZs5iJXnX9RJrgXSsorupCWmJ2ac964Owk=
modernc.org/libc v1.14.5/go.mod h1:2PJHINagVxO4QW/5OQdRrvMYo+bm5ClpUFfyXCYl9ak=
modernc.org/mathutil v1.1.1/go.mod h1:mZW8CKdRPY1v87qxC/wUdX5O1qDzXMP5TH3wjfpga6E=
modernc.org/mathutil v1.2.2/go.mod h1:mZW8CKdRPY1v87qxC/wUdX5O1qDzXMP5TH3wjfpga6E=
modernc.org/mathutil v1.4.0/go.mod h1:mZW8CKdRPY1v87qxC/wUdX5O1qDzXMP5TH3wjfpga6E=
modernc.org/mathutil v1.4.1 h1:ij3fYGe8zBF4Vu+g0oT7mB06r8sqGWKuJu1yXeR4by8=
modernc.org/mathutil v1.4.1/go.mod h1:mZW8CKdRPY1v87qxC/wUdX5O1qDzXMP5TH3wjfpga6E=
modernc.org/memory v1.0.4/go.mod h1:nV2OApxradM3/OVbs2/0OsP6nPfakXpi50C7dcoHXlc=
modernc.org/memory v1.0.5 h1:XRch8trV7GgvTec2i7jc33YlUI0RKVDBvZ5eZ5m8y14=
modernc.org/memory v1.0.5/go.mod h1:B7OYswTRnfGg+4tDH1t1OeUNnsy2viGTdME4tzd+IjM=
modernc.org/opt v0.1.1 h1:/0RX92k9vwVeDXj+Xn23DKp2VJubL7k8qNffND6qn3A=
modernc.org/opt v0.1.1/go.mod h1:WdSiB5evDcignE70guQKxYUl14mgWtbClRi5wmkkTX0=
modernc.org/sqlite v1.14.7 h1:A+6rGjtRQbt9SORXfV+hUyXOP3mDf7J5uz+EES/CNPE=
modernc.org/sqlite v1.14.7/go.mod h1:yiCvMv3HblGmzENNIaNtFhfaNIwcla4u2JQEwJPzfEc=
modernc.org/strutil v1.1.1 h1:xv+J1BXY3Opl2ALrBwyfEikFAj8pmqcpnfmuwUwcozs=
modernc.org/strutil v1.1.1/go.mod h1:DE+MQQ/hjKBZS2zNInV5hhcipt5rLPWkmpbGeW5mmdw=
modernc.org/tcl v1.11.0 h1:B/zzEYjINeaki38KcIqdQRQx7W3WE7TkrlTwGnbm2II=
modernc.org/tcl v1.11.0/go.mod h1:zsTUpbQ+NxQEjOjCUlImDLPv1sG8Ww0qp66ZvyOxCgw=
modernc.org/token v1.0.0 h1:a0jaWiNMDhDUtqOj09wvjWWAqd3q7WpBulmL9H2egsk=
modernc.org/token v1.0.0/go.mod h1:UGzOrNV1mAFSEB63lOFHIpNRUVMvYTc6yu1SMY/XTDM=
modernc.org/z v1.3.0 h1:4RWULo1Nvaq5ZBhbLe74u8p6tV4Mmm0ZrPBXYPm/xjM=
modernc.org/z v1.3.0/go.mod h1:+mvgLH814oDjtATDdT3rs84JnUIpkvAF5B8AVkNlE2g=
