github.com/davecgh/go-spew v1.1.0/go.mod h1:J7Y8YcW2NihsgmVo/mv3lAwl/skON4iLHjSsI+c5H38=
github.com/davecgh/go-spew v1.1.1 h1:vj9j/u1bqnvCEfJOwUhtlOARqs3+rkHYY13jYWTU97c=
github.com/davecgh/go-spew v1.1.1/go.mod h1:J7Y8YcW2NihsgmVo/mv3lAwl/skON4iLHjSsI+c5H38=
github.com/go-logr/logr v1.2.0/go.mod h1:jdQByPbusPIv2/zmleS9BjJVeZ6kBagPoEUsqbVz/1A=
github.com/go-logr/logr v1.2.1/go.mod h1:jdQByPbusPIv2/zmleS9BjJVeZ6kBagPoEUsqbVz/1A=
github.com/go-logr/logr v1.2.2 h1:ahHml/yUpnlb96Rp8HCvtYVPY8ZYpxq3g7UYchIYwbs=
github.com/go-logr/logr v1.2.2/go.mod h1:jdQByPbusPIv2/zmleS9BjJVeZ6kBagPoEUsqbVz/1A=
github.com/go-logr/stdr v1.2.0/go.mod h1:YkVgnZu1ZjjL7xTxrfm/LLZBfkhTqSR1ydtm6jTKKwI=
github.com/go-logr/stdr v1.2.2 h1:hSWxHoqTgW2S2qGc0LTAI563KZ5YKYRhT3MFKZMbjag=
github.com/go-logr/stdr v1.2.2/go.mod h1:mMo/vtBO5dYbehREoey6XUKy/eSumjCCveDpRre4VKE=
github.com/google/go-cmp v0.5.6/go.mod h1:v8dTdLbMG2kIc/vJvl+f65V22dbkXbowE6jgT/gNBxE=
github.com/google/go-cmp v0.5.7 h1:81/ik6ipDQS2aGcBfIN5dHDB36BwrStyeAQquSYCV4o=
github.com/google/go-cmp v0.5.7/go.mod h1:n+brtR0CgQNWTVd5ZUFpTBC8YFBDLK/h/bpaJ8/DtOE=
github.com/jinzhu/inflection v1.0.0 h1:K317FqzuhWc8YvSVlFMCCUb36O/S9MCKRDI7QkRKD/E=
github.com/jinzhu/inflection v1.0.0/go.mod h1:h+uFLlag+Qp1Va5pdKtLDYj+kHp5pxUVkryuEj+Srlc=
github.com/pmezard/go-difflib v1.0.0 h1:4DBwDE0NGyQoBHbLQYPwSUPoCMWR5BEzIk/f1lZbAQM=
github.com/pmezard/go-difflib v1.0.0/go.mod h1:iKH77koFhYxTK1pcRnkKkqfTogsbg7gZNVY4sRDYZ/4=
github.com/stretchr/objx v0.1.0/go.mod h1:HFkY916IF+rwdDfMAkV7OtwuqBVzrE8GR6GFx+wExME=
github.com/stretchr/testify v1.6.1/go.mod h1:6Fq8oRcR53rry900zMqJjRRixrwX3KX962/h/Wwjteg=
github.com/stretchr/testify v1.7.0 h1:nwc3DEeHmmLAfoZucVR881uASk0Mfjw8xYJ99tb5CcY=
github.com/stretchr/testify v1.7.0/go.mod h1:6Fq8oRcR53rry900zMqJjRRixrwX3KX962/h/Wwjteg=
github.com/tmthrgd/go-hex v0.0.0-20190904060850-447a3041c3bc h1:9lRDQMhESg+zvGYmW5DyG0UqvY96Bu5QYsTLvCHdrgo=
github.com/tmthrgd/go-hex v0.0.0-20190904060850-447a3041c3bc/go.mod h1:bciPuU6GHm1iF1pBvUfxfsH0Wmnc2VbpgvbI9ZWuIRs=
github.com/uptrace/opentelemetry-go-extra/otelsql v0.1.8 h1:K+Ka0F5cOsHxqwoyJF3rfhVZKNiWXEvDUo4BksM6vR0=
github.com/uptrace/opentelemetry-go-extra/otelsql v0.1.8/go.mod h1:2fTr52ILmCWE1Kh8wLx7EYsIuLOnxic1Pn9kcmTj9oQ=
github.com/vmihailenco/msgpack/v5 v5.3.5 h1:5gO0H1iULLWGhs2H5tbAHIZTV8/cYafcFOr9znI5mJU=
github.com/vmihailenco/msgpack/v5 v5.3.5/go.mod h1:7xyJ9e+0+9SaZT0Wt1RGleJXzli6Q/V5KbhBonMG9jc=
github.com/vmihailenco/tagparser/v2 v2.0.0 h1:y09buUbR+b5aycVFQs/g70pqKVZNBmxwAhO7/IwNM9g=
github.com/vmihailenco/tagparser/v2 v2.0.0/go.mod h1:Wri+At7QHww0WTrCBeu4J6bNtoV6mEfg5OIWRZA9qds=
go.opentelemetry.io/otel v1.3.0/go.mod h1:PWIKzi6JCp7sM0k9yZ43VX+T345uNbAkDKwHVjb2PTs=
go.opentelemetry.io/otel v1.4.0/go.mod h1:jeAqMFKy2uLIxCtKxoFj0FAL5zAPKQagc3+GtBWakzk=
go.opentelemetry.io/otel v1.4.1 h1:QbINgGDDcoQUoMJa2mMaWno49lja9sHwp6aoa2n3a4g=
go.opentelemetry.io/otel v1.4.1/go.mod h1:StM6F/0fSwpd8dKWDCdRr7uRvEPYdW0hBSlbdTiUde4=
go.opentelemetry.io/otel/internal/metric v0.26.0/go.mod h1:CbBP6AxKynRs3QCbhklyLUtpfzbqCLiafV9oY2Zj1Jk=
go.opentelemetry.io/otel/internal/metric v0.27.0 h1:9dAVGAfFiiEq5NVB9FUJ5et+btbDQAUIJehJ+ikyryk=
go.opentelemetry.io/otel/internal/metric v0.27.0/go.mod h1:n1CVxRqKqYZtqyTh9U/onvKapPGv7y/rpyOTI+LFNzw=
go.opentelemetry.io/otel/metric v0.26.0/go.mod h1:c6YL0fhRo4YVoNs6GoByzUgBp36hBL523rECoZA5UWg=
go.opentelemetry.io/otel/metric v0.27.0 h1:HhJPsGhJoKRSegPQILFbODU56NS/L1UE4fS1sC5kIwQ=
go.opentelemetry.io/otel/metric v0.27.0/go.mod h1:raXDJ7uP2/Jc0nVZWQjJtzoyssOYWu/+pjZqRzfvZ7g=
go.opentelemetry.io/otel/trace v1.3.0/go.mod h1:c/VDhno8888bvQYmbYLqe41/Ldmr/KKunbvWM4/fEjk=
go.opentelemetry.io/otel/trace v1.4.0/go.mod h1:uc3eRsqDfWs9R7b92xbQbU42/eTNz4N+gLP8qJCi4aE=
go.opentelemetry.io/otel/trace v1.4.1 h1:O+16qcdTrT7zxv2J6GejTPFinSwA++cYerC5iSiF8EQ=
go.opentelemetry.io/otel/trace v1.4.1/go.mod h1:iYEVbroFCNut9QkwEczV9vMRPHNKSSwYZjulEtsmhFc=
golang.org/x/sys v0.0.0-20220114195835-da31bd327af9/go.mod h1:oPkhp1MJrh7nUepCBck5+mAzfO9JrbApNNgaTdGDITg=
golang.org/x/sys v0.0.0-20220224003255-dbe011f71a99 h1:Us899Z5PCfOrSgeCYWobI1/bSigAz9Rhf8+fz5Grkzc=
golang.org/x/sys v0.0.0-20220224003255-dbe011f71a99/go.mod h1:oPkhp1MJrh7nUepCBck5+mAzfO9JrbApNNgaTdGDITg=
golang.org/x/xerrors v0.0.0-20191204190536-9bdfabe68543/go.mod h1:I/5z698sn9Ka8TeJc9MKroUUfqBBauWjQqLJ2OPfmY0=
gopkg.in/check.v1 v0.0.0-20161208181325-20d25e280405/go.mod h1:Co6ibVJAznAaIkqp8huTwlJQCZ016jof/cbN4VW5Yz0=
gopkg.in/yaml.v3 v3.0.0-20200313102051-9f266ea9e77c h1:dUUwHk2QECo/6vqA44rthZ8ie2QXMNeKRTHCNY2nXvo=
gopkg.in/yaml.v3 v3.0.0-20200313102051-9f266ea9e77c/go.mod h1:K4uyk7z7BCEPqu6E+C64Yfv1cQ7kz7rIZviUmN+EgEM=
